// !$*UTF8*$!
{
	archiveVersion = 1;
	classes = {
	};
	objectVersion = 55;
	objects = {

/* Begin PBXBuildFile section */
		0E82058CE331833CD96F1483 /* Pods_NewsApp_MVVM.framework in Frameworks */ = {isa = PBXBuildFile; fileRef = A41DD62EDE1A390F778877BF /* Pods_NewsApp_MVVM.framework */; };
		151F960827AB031E0010B636 /* ArticleListBuilder.swift in Sources */ = {isa = PBXBuildFile; fileRef = 151F960727AB031E0010B636 /* ArticleListBuilder.swift */; };
		718BFCA9279D7EEE00FFB844 /* AppDelegate.swift in Sources */ = {isa = PBXBuildFile; fileRef = 718BFCA8279D7EEE00FFB844 /* AppDelegate.swift */; };
		718BFCAB279D7EEE00FFB844 /* SceneDelegate.swift in Sources */ = {isa = PBXBuildFile; fileRef = 718BFCAA279D7EEE00FFB844 /* SceneDelegate.swift */; };
		718BFCB0279D7EEE00FFB844 /* Main.storyboard in Resources */ = {isa = PBXBuildFile; fileRef = 718BFCAE279D7EEE00FFB844 /* Main.storyboard */; };
		718BFCB2279D7EEF00FFB844 /* Assets.xcassets in Resources */ = {isa = PBXBuildFile; fileRef = 718BFCB1279D7EEF00FFB844 /* Assets.xcassets */; };
		718BFCB5279D7EEF00FFB844 /* LaunchScreen.storyboard in Resources */ = {isa = PBXBuildFile; fileRef = 718BFCB3279D7EEF00FFB844 /* LaunchScreen.storyboard */; };
		718BFCBD279D81D900FFB844 /* ArticleListTableViewController.swift in Sources */ = {isa = PBXBuildFile; fileRef = 718BFCBC279D81D900FFB844 /* ArticleListTableViewController.swift */; };
		718BFCC3279D91E100FFB844 /* WebService.swift in Sources */ = {isa = PBXBuildFile; fileRef = 718BFCC2279D91E100FFB844 /* WebService.swift */; };
		718BFCC6279D960700FFB844 /* Article.swift in Sources */ = {isa = PBXBuildFile; fileRef = 718BFCC5279D960700FFB844 /* Article.swift */; };
		718BFCC9279DAD3900FFB844 /* ArticleListViewModel.swift in Sources */ = {isa = PBXBuildFile; fileRef = 718BFCC8279DAD3900FFB844 /* ArticleListViewModel.swift */; };
		718BFCCB279DC31400FFB844 /* ArticleTableViewCell.swift in Sources */ = {isa = PBXBuildFile; fileRef = 718BFCCA279DC31400FFB844 /* ArticleTableViewCell.swift */; };
/* End PBXBuildFile section */

/* Begin PBXFileReference section */
		151F960727AB031E0010B636 /* ArticleListBuilder.swift */ = {isa = PBXFileReference; lastKnownFileType = sourcecode.swift; path = ArticleListBuilder.swift; sourceTree = "<group>"; };
		26CC8699CF36DECEC904F978 /* Pods-NewsApp-MVVM.release.xcconfig */ = {isa = PBXFileReference; includeInIndex = 1; lastKnownFileType = text.xcconfig; name = "Pods-NewsApp-MVVM.release.xcconfig"; path = "Target Support Files/Pods-NewsApp-MVVM/Pods-NewsApp-MVVM.release.xcconfig"; sourceTree = "<group>"; };
		33E01B09102A8A635C2D956B /* Pods-NewsApp-MVVM.debug.xcconfig */ = {isa = PBXFileReference; includeInIndex = 1; lastKnownFileType = text.xcconfig; name = "Pods-NewsApp-MVVM.debug.xcconfig"; path = "Target Support Files/Pods-NewsApp-MVVM/Pods-NewsApp-MVVM.debug.xcconfig"; sourceTree = "<group>"; };
		718BFCA5279D7EEE00FFB844 /* NewsApp-MVVM.app */ = {isa = PBXFileReference; explicitFileType = wrapper.application; includeInIndex = 0; path = "NewsApp-MVVM.app"; sourceTree = BUILT_PRODUCTS_DIR; };
		718BFCA8279D7EEE00FFB844 /* AppDelegate.swift */ = {isa = PBXFileReference; lastKnownFileType = sourcecode.swift; path = AppDelegate.swift; sourceTree = "<group>"; };
		718BFCAA279D7EEE00FFB844 /* SceneDelegate.swift */ = {isa = PBXFileReference; lastKnownFileType = sourcecode.swift; path = SceneDelegate.swift; sourceTree = "<group>"; };
		718BFCAF279D7EEE00FFB844 /* Base */ = {isa = PBXFileReference; lastKnownFileType = file.storyboard; name = Base; path = Base.lproj/Main.storyboard; sourceTree = "<group>"; };
		718BFCB1279D7EEF00FFB844 /* Assets.xcassets */ = {isa = PBXFileReference; lastKnownFileType = folder.assetcatalog; path = Assets.xcassets; sourceTree = "<group>"; };
		718BFCB4279D7EEF00FFB844 /* Base */ = {isa = PBXFileReference; lastKnownFileType = file.storyboard; name = Base; path = Base.lproj/LaunchScreen.storyboard; sourceTree = "<group>"; };
		718BFCB6279D7EEF00FFB844 /* Info.plist */ = {isa = PBXFileReference; lastKnownFileType = text.plist.xml; path = Info.plist; sourceTree = "<group>"; };
		718BFCBC279D81D900FFB844 /* ArticleListTableViewController.swift */ = {isa = PBXFileReference; lastKnownFileType = sourcecode.swift; path = ArticleListTableViewController.swift; sourceTree = "<group>"; };
		718BFCC2279D91E100FFB844 /* WebService.swift */ = {isa = PBXFileReference; lastKnownFileType = sourcecode.swift; path = WebService.swift; sourceTree = "<group>"; };
		718BFCC5279D960700FFB844 /* Article.swift */ = {isa = PBXFileReference; lastKnownFileType = sourcecode.swift; path = Article.swift; sourceTree = "<group>"; };
		718BFCC8279DAD3900FFB844 /* ArticleListViewModel.swift */ = {isa = PBXFileReference; lastKnownFileType = sourcecode.swift; path = ArticleListViewModel.swift; sourceTree = "<group>"; };
		718BFCCA279DC31400FFB844 /* ArticleTableViewCell.swift */ = {isa = PBXFileReference; lastKnownFileType = sourcecode.swift; path = ArticleTableViewCell.swift; sourceTree = "<group>"; };
		A41DD62EDE1A390F778877BF /* Pods_NewsApp_MVVM.framework */ = {isa = PBXFileReference; explicitFileType = wrapper.framework; includeInIndex = 0; path = Pods_NewsApp_MVVM.framework; sourceTree = BUILT_PRODUCTS_DIR; };
/* End PBXFileReference section */

/* Begin PBXFrameworksBuildPhase section */
		718BFCA2279D7EEE00FFB844 /* Frameworks */ = {
			isa = PBXFrameworksBuildPhase;
			buildActionMask = 2147483647;
			files = (
				0E82058CE331833CD96F1483 /* Pods_NewsApp_MVVM.framework in Frameworks */,
			);
			runOnlyForDeploymentPostprocessing = 0;
		};
/* End PBXFrameworksBuildPhase section */

/* Begin PBXGroup section */
		151F960527AAF6E60010B636 /* Scenes */ = {
			isa = PBXGroup;
			children = (
				151F960627AAF6ED0010B636 /* ArticleList */,
			);
			path = Scenes;
			sourceTree = "<group>";
		};
		151F960627AAF6ED0010B636 /* ArticleList */ = {
			isa = PBXGroup;
			children = (
				151F960927AB03C20010B636 /* Cell */,
				718BFCBC279D81D900FFB844 /* ArticleListTableViewController.swift */,
				718BFCC8279DAD3900FFB844 /* ArticleListViewModel.swift */,
				151F960727AB031E0010B636 /* ArticleListBuilder.swift */,
			);
			path = ArticleList;
			sourceTree = "<group>";
		};
		151F960927AB03C20010B636 /* Cell */ = {
			isa = PBXGroup;
			children = (
				718BFCCA279DC31400FFB844 /* ArticleTableViewCell.swift */,
			);
			path = Cell;
			sourceTree = "<group>";
		};
		6A4D231E6E2D9573FDF2B4C1 /* Frameworks */ = {
			isa = PBXGroup;
			children = (
				A41DD62EDE1A390F778877BF /* Pods_NewsApp_MVVM.framework */,
			);
			name = Frameworks;
			sourceTree = "<group>";
		};
		718BFC9C279D7EEE00FFB844 = {
			isa = PBXGroup;
			children = (
				718BFCA7279D7EEE00FFB844 /* NewsApp-MVVM */,
				718BFCA6279D7EEE00FFB844 /* Products */,
				B029D95634911D4D134045ED /* Pods */,
				6A4D231E6E2D9573FDF2B4C1 /* Frameworks */,
			);
			sourceTree = "<group>";
		};
		718BFCA6279D7EEE00FFB844 /* Products */ = {
			isa = PBXGroup;
			children = (
				718BFCA5279D7EEE00FFB844 /* NewsApp-MVVM.app */,
			);
			name = Products;
			sourceTree = "<group>";
		};
		718BFCA7279D7EEE00FFB844 /* NewsApp-MVVM */ = {
			isa = PBXGroup;
			children = (
				151F960527AAF6E60010B636 /* Scenes */,
				718BFCC4279D95FB00FFB844 /* Model */,
				719EA16527A2D63500C983C3 /* View */,
				718BFCC1279D91D000FFB844 /* Services */,
				718BFCA8279D7EEE00FFB844 /* AppDelegate.swift */,
				718BFCAA279D7EEE00FFB844 /* SceneDelegate.swift */,
				718BFCB1279D7EEF00FFB844 /* Assets.xcassets */,
				718BFCB3279D7EEF00FFB844 /* LaunchScreen.storyboard */,
				718BFCB6279D7EEF00FFB844 /* Info.plist */,
			);
			path = "NewsApp-MVVM";
			sourceTree = "<group>";
		};
		718BFCC1279D91D000FFB844 /* Services */ = {
			isa = PBXGroup;
			children = (
				718BFCC2279D91E100FFB844 /* WebService.swift */,
			);
			path = Services;
			sourceTree = "<group>";
		};
		718BFCC4279D95FB00FFB844 /* Model */ = {
			isa = PBXGroup;
			children = (
				718BFCC5279D960700FFB844 /* Article.swift */,
			);
			path = Model;
			sourceTree = "<group>";
		};
		719EA16527A2D63500C983C3 /* View */ = {
			isa = PBXGroup;
			children = (
				718BFCAE279D7EEE00FFB844 /* Main.storyboard */,
			);
			path = View;
			sourceTree = "<group>";
		};
		B029D95634911D4D134045ED /* Pods */ = {
			isa = PBXGroup;
			children = (
				33E01B09102A8A635C2D956B /* Pods-NewsApp-MVVM.debug.xcconfig */,
				26CC8699CF36DECEC904F978 /* Pods-NewsApp-MVVM.release.xcconfig */,
			);
			path = Pods;
			sourceTree = "<group>";
		};
/* End PBXGroup section */

/* Begin PBXNativeTarget section */
		718BFCA4279D7EEE00FFB844 /* NewsApp-MVVM */ = {
			isa = PBXNativeTarget;
			buildConfigurationList = 718BFCB9279D7EEF00FFB844 /* Build configuration list for PBXNativeTarget "NewsApp-MVVM" */;
			buildPhases = (
				AC744F6AD32CF8E750732A06 /* [CP] Check Pods Manifest.lock */,
				718BFCA1279D7EEE00FFB844 /* Sources */,
				718BFCA2279D7EEE00FFB844 /* Frameworks */,
				718BFCA3279D7EEE00FFB844 /* Resources */,
				EA99D805E683D913DF209B7F /* [CP] Embed Pods Frameworks */,
			);
			buildRules = (
			);
			dependencies = (
			);
			name = "NewsApp-MVVM";
			productName = "NewsApp-MVVM";
			productReference = 718BFCA5279D7EEE00FFB844 /* NewsApp-MVVM.app */;
			productType = "com.apple.product-type.application";
		};
/* End PBXNativeTarget section */

/* Begin PBXProject section */
		718BFC9D279D7EEE00FFB844 /* Project object */ = {
			isa = PBXProject;
			attributes = {
				BuildIndependentTargetsInParallel = 1;
				LastSwiftUpdateCheck = 1310;
				LastUpgradeCheck = 1310;
				TargetAttributes = {
					718BFCA4279D7EEE00FFB844 = {
						CreatedOnToolsVersion = 13.1;
					};
				};
			};
			buildConfigurationList = 718BFCA0279D7EEE00FFB844 /* Build configuration list for PBXProject "NewsApp-MVVM" */;
			compatibilityVersion = "Xcode 13.0";
			developmentRegion = en;
			hasScannedForEncodings = 0;
			knownRegions = (
				en,
				Base,
			);
			mainGroup = 718BFC9C279D7EEE00FFB844;
			productRefGroup = 718BFCA6279D7EEE00FFB844 /* Products */;
			projectDirPath = "";
			projectRoot = "";
			targets = (
				718BFCA4279D7EEE00FFB844 /* NewsApp-MVVM */,
			);
		};
/* End PBXProject section */

/* Begin PBXResourcesBuildPhase section */
		718BFCA3279D7EEE00FFB844 /* Resources */ = {
			isa = PBXResourcesBuildPhase;
			buildActionMask = 2147483647;
			files = (
				718BFCB5279D7EEF00FFB844 /* LaunchScreen.storyboard in Resources */,
				718BFCB2279D7EEF00FFB844 /* Assets.xcassets in Resources */,
				718BFCB0279D7EEE00FFB844 /* Main.storyboard in Resources */,
			);
			runOnlyForDeploymentPostprocessing = 0;
		};
/* End PBXResourcesBuildPhase section */

/* Begin PBXShellScriptBuildPhase section */
		AC744F6AD32CF8E750732A06 /* [CP] Check Pods Manifest.lock */ = {
			isa = PBXShellScriptBuildPhase;
			buildActionMask = 2147483647;
			files = (
			);
			inputFileListPaths = (
			);
			inputPaths = (
				"${PODS_PODFILE_DIR_PATH}/Podfile.lock",
				"${PODS_ROOT}/Manifest.lock",
			);
			name = "[CP] Check Pods Manifest.lock";
			outputFileListPaths = (
			);
			outputPaths = (
				"$(DERIVED_FILE_DIR)/Pods-NewsApp-MVVM-checkManifestLockResult.txt",
			);
			runOnlyForDeploymentPostprocessing = 0;
			shellPath = /bin/sh;
			shellScript = "diff \"${PODS_PODFILE_DIR_PATH}/Podfile.lock\" \"${PODS_ROOT}/Manifest.lock\" > /dev/null\nif [ $? != 0 ] ; then\n    # print error to STDERR\n    echo \"error: The sandbox is not in sync with the Podfile.lock. Run 'pod install' or update your CocoaPods installation.\" >&2\n    exit 1\nfi\n# This output is used by Xcode 'outputs' to avoid re-running this script phase.\necho \"SUCCESS\" > \"${SCRIPT_OUTPUT_FILE_0}\"\n";
			showEnvVarsInLog = 0;
		};
		EA99D805E683D913DF209B7F /* [CP] Embed Pods Frameworks */ = {
			isa = PBXShellScriptBuildPhase;
			buildActionMask = 2147483647;
			files = (
			);
			inputFileListPaths = (
				"${PODS_ROOT}/Target Support Files/Pods-NewsApp-MVVM/Pods-NewsApp-MVVM-frameworks-${CONFIGURATION}-input-files.xcfilelist",
			);
			name = "[CP] Embed Pods Frameworks";
			outputFileListPaths = (
				"${PODS_ROOT}/Target Support Files/Pods-NewsApp-MVVM/Pods-NewsApp-MVVM-frameworks-${CONFIGURATION}-output-files.xcfilelist",
			);
			runOnlyForDeploymentPostprocessing = 0;
			shellPath = /bin/sh;
			shellScript = "\"${PODS_ROOT}/Target Support Files/Pods-NewsApp-MVVM/Pods-NewsApp-MVVM-frameworks.sh\"\n";
			showEnvVarsInLog = 0;
		};
/* End PBXShellScriptBuildPhase section */

/* Begin PBXSourcesBuildPhase section */
		718BFCA1279D7EEE00FFB844 /* Sources */ = {
			isa = PBXSourcesBuildPhase;
			buildActionMask = 2147483647;
			files = (
				718BFCA9279D7EEE00FFB844 /* AppDelegate.swift in Sources */,
				718BFCAB279D7EEE00FFB844 /* SceneDelegate.swift in Sources */,
				151F960827AB031E0010B636 /* ArticleListBuilder.swift in Sources */,
				718BFCC3279D91E100FFB844 /* WebService.swift in Sources */,
				718BFCC9279DAD3900FFB844 /* ArticleListViewModel.swift in Sources */,
				718BFCBD279D81D900FFB844 /* ArticleListTableViewController.swift in Sources */,
				718BFCCB279DC31400FFB844 /* ArticleTableViewCell.swift in Sources */,
				718BFCC6279D960700FFB844 /* Article.swift in Sources */,
			);
			runOnlyForDeploymentPostprocessing = 0;
		};
/* End PBXSourcesBuildPhase section */

/* Begin PBXVariantGroup section */
		718BFCAE279D7EEE00FFB844 /* Main.storyboard */ = {
			isa = PBXVariantGroup;
			children = (
				718BFCAF279D7EEE00FFB844 /* Base */,
			);
			name = Main.storyboard;
			sourceTree = "<group>";
		};
		718BFCB3279D7EEF00FFB844 /* LaunchScreen.storyboard */ = {
			isa = PBXVariantGroup;
			children = (
				718BFCB4279D7EEF00FFB844 /* Base */,
			);
			name = LaunchScreen.storyboard;
			sourceTree = "<group>";
		};
/* End PBXVariantGroup section */

/* Begin XCBuildConfiguration section */
		718BFCB7279D7EEF00FFB844 /* Debug */ = {
			isa = XCBuildConfiguration;
			buildSettings = {
				ALWAYS_SEARCH_USER_PATHS = NO;
				CLANG_ANALYZER_NONNULL = YES;
				CLANG_ANALYZER_NUMBER_OBJECT_CONVERSION = YES_AGGRESSIVE;
				CLANG_CXX_LANGUAGE_STANDARD = "gnu++17";
				CLANG_CXX_LIBRARY = "libc++";
				CLANG_ENABLE_MODULES = YES;
				CLANG_ENABLE_OBJC_ARC = YES;
				CLANG_ENABLE_OBJC_WEAK = YES;
				CLANG_WARN_BLOCK_CAPTURE_AUTORELEASING = YES;
				CLANG_WARN_BOOL_CONVERSION = YES;
				CLANG_WARN_COMMA = YES;
				CLANG_WARN_CONSTANT_CONVERSION = YES;
				CLANG_WARN_DEPRECATED_OBJC_IMPLEMENTATIONS = YES;
				CLANG_WARN_DIRECT_OBJC_ISA_USAGE = YES_ERROR;
				CLANG_WARN_DOCUMENTATION_COMMENTS = YES;
				CLANG_WARN_EMPTY_BODY = YES;
				CLANG_WARN_ENUM_CONVERSION = YES;
				CLANG_WARN_INFINITE_RECURSION = YES;
				CLANG_WARN_INT_CONVERSION = YES;
				CLANG_WARN_NON_LITERAL_NULL_CONVERSION = YES;
				CLANG_WARN_OBJC_IMPLICIT_RETAIN_SELF = YES;
				CLANG_WARN_OBJC_LITERAL_CONVERSION = YES;
				CLANG_WARN_OBJC_ROOT_CLASS = YES_ERROR;
				CLANG_WARN_QUOTED_INCLUDE_IN_FRAMEWORK_HEADER = YES;
				CLANG_WARN_RANGE_LOOP_ANALYSIS = YES;
				CLANG_WARN_STRICT_PROTOTYPES = YES;
				CLANG_WARN_SUSPICIOUS_MOVE = YES;
				CLANG_WARN_UNGUARDED_AVAILABILITY = YES_AGGRESSIVE;
				CLANG_WARN_UNREACHABLE_CODE = YES;
				CLANG_WARN__DUPLICATE_METHOD_MATCH = YES;
				COPY_PHASE_STRIP = NO;
				DEBUG_INFORMATION_FORMAT = dwarf;
				ENABLE_STRICT_OBJC_MSGSEND = YES;
				ENABLE_TESTABILITY = YES;
				GCC_C_LANGUAGE_STANDARD = gnu11;
				GCC_DYNAMIC_NO_PIC = NO;
				GCC_NO_COMMON_BLOCKS = YES;
				GCC_OPTIMIZATION_LEVEL = 0;
				GCC_PREPROCESSOR_DEFINITIONS = (
					"DEBUG=1",
					"$(inherited)",
				);
				GCC_WARN_64_TO_32_BIT_CONVERSION = YES;
				GCC_WARN_ABOUT_RETURN_TYPE = YES_ERROR;
				GCC_WARN_UNDECLARED_SELECTOR = YES;
				GCC_WARN_UNINITIALIZED_AUTOS = YES_AGGRESSIVE;
				GCC_WARN_UNUSED_FUNCTION = YES;
				GCC_WARN_UNUSED_VARIABLE = YES;
				IPHONEOS_DEPLOYMENT_TARGET = 15.0;
				MTL_ENABLE_DEBUG_INFO = INCLUDE_SOURCE;
				MTL_FAST_MATH = YES;
				ONLY_ACTIVE_ARCH = YES;
				SDKROOT = iphoneos;
				SWIFT_ACTIVE_COMPILATION_CONDITIONS = DEBUG;
				SWIFT_OPTIMIZATION_LEVEL = "-Onone";
			};
			name = Debug;
		};
		718BFCB8279D7EEF00FFB844 /* Release */ = {
			isa = XCBuildConfiguration;
			buildSettings = {
				ALWAYS_SEARCH_USER_PATHS = NO;
				CLANG_ANALYZER_NONNULL = YES;
				CLANG_ANALYZER_NUMBER_OBJECT_CONVERSION = YES_AGGRESSIVE;
				CLANG_CXX_LANGUAGE_STANDARD = "gnu++17";
				CLANG_CXX_LIBRARY = "libc++";
				CLANG_ENABLE_MODULES = YES;
				CLANG_ENABLE_OBJC_ARC = YES;
				CLANG_ENABLE_OBJC_WEAK = YES;
				CLANG_WARN_BLOCK_CAPTURE_AUTORELEASING = YES;
				CLANG_WARN_BOOL_CONVERSION = YES;
				CLANG_WARN_COMMA = YES;
				CLANG_WARN_CONSTANT_CONVERSION = YES;
				CLANG_WARN_DEPRECATED_OBJC_IMPLEMENTATIONS = YES;
				CLANG_WARN_DIRECT_OBJC_ISA_USAGE = YES_ERROR;
				CLANG_WARN_DOCUMENTATION_COMMENTS = YES;
				CLANG_WARN_EMPTY_BODY = YES;
				CLANG_WARN_ENUM_CONVERSION = YES;
				CLANG_WARN_INFINITE_RECURSION = YES;
				CLANG_WARN_INT_CONVERSION = YES;
				CLANG_WARN_NON_LITERAL_NULL_CONVERSION = YES;
				CLANG_WARN_OBJC_IMPLICIT_RETAIN_SELF = YES;
				CLANG_WARN_OBJC_LITERAL_CONVERSION = YES;
				CLANG_WARN_OBJC_ROOT_CLASS = YES_ERROR;
				CLANG_WARN_QUOTED_INCLUDE_IN_FRAMEWORK_HEADER = YES;
				CLANG_WARN_RANGE_LOOP_ANALYSIS = YES;
				CLANG_WARN_STRICT_PROTOTYPES = YES;
				CLANG_WARN_SUSPICIOUS_MOVE = YES;
				CLANG_WARN_UNGUARDED_AVAILABILITY = YES_AGGRESSIVE;
				CLANG_WARN_UNREACHABLE_CODE = YES;
				CLANG_WARN__DUPLICATE_METHOD_MATCH = YES;
				COPY_PHASE_STRIP = NO;
				DEBUG_INFORMATION_FORMAT = "dwarf-with-dsym";
				ENABLE_NS_ASSERTIONS = NO;
				ENABLE_STRICT_OBJC_MSGSEND = YES;
				GCC_C_LANGUAGE_STANDARD = gnu11;
				GCC_NO_COMMON_BLOCKS = YES;
				GCC_WARN_64_TO_32_BIT_CONVERSION = YES;
				GCC_WARN_ABOUT_RETURN_TYPE = YES_ERROR;
				GCC_WARN_UNDECLARED_SELECTOR = YES;
				GCC_WARN_UNINITIALIZED_AUTOS = YES_AGGRESSIVE;
				GCC_WARN_UNUSED_FUNCTION = YES;
				GCC_WARN_UNUSED_VARIABLE = YES;
				IPHONEOS_DEPLOYMENT_TARGET = 15.0;
				MTL_ENABLE_DEBUG_INFO = NO;
				MTL_FAST_MATH = YES;
				SDKROOT = iphoneos;
				SWIFT_COMPILATION_MODE = wholemodule;
				SWIFT_OPTIMIZATION_LEVEL = "-O";
				VALIDATE_PRODUCT = YES;
			};
			name = Release;
		};
		718BFCBA279D7EEF00FFB844 /* Debug */ = {
			isa = XCBuildConfiguration;
			baseConfigurationReference = 33E01B09102A8A635C2D956B /* Pods-NewsApp-MVVM.debug.xcconfig */;
			buildSettings = {
				ASSETCATALOG_COMPILER_APPICON_NAME = AppIcon;
				ASSETCATALOG_COMPILER_GLOBAL_ACCENT_COLOR_NAME = AccentColor;
				CODE_SIGN_STYLE = Automatic;
				CURRENT_PROJECT_VERSION = 1;
				DEVELOPMENT_TEAM = G7RS44LAM6;
				GENERATE_INFOPLIST_FILE = YES;
				INFOPLIST_FILE = "NewsApp-MVVM/Info.plist";
				INFOPLIST_KEY_UIApplicationSupportsIndirectInputEvents = YES;
				INFOPLIST_KEY_UILaunchStoryboardName = LaunchScreen;
				INFOPLIST_KEY_UIMainStoryboardFile = Main;
				INFOPLIST_KEY_UISupportedInterfaceOrientations = "";
				INFOPLIST_KEY_UISupportedInterfaceOrientations_iPad = "UIInterfaceOrientationPortrait UIInterfaceOrientationPortraitUpsideDown UIInterfaceOrientationLandscapeLeft UIInterfaceOrientationLandscapeRight";
				INFOPLIST_KEY_UISupportedInterfaceOrientations_iPhone = "UIInterfaceOrientationPortrait UIInterfaceOrientationLandscapeLeft UIInterfaceOrientationLandscapeRight";
				IPHONEOS_DEPLOYMENT_TARGET = 15.0;
				LD_RUNPATH_SEARCH_PATHS = (
					"$(inherited)",
					"@executable_path/Frameworks",
				);
				MARKETING_VERSION = 1.0;
				PRODUCT_BUNDLE_IDENTIFIER = "com.firat.NewsApp-MVVM";
				PRODUCT_NAME = "$(TARGET_NAME)";
				SWIFT_EMIT_LOC_STRINGS = YES;
				SWIFT_VERSION = 5.0;
				TARGETED_DEVICE_FAMILY = "1,2";
			};
			name = Debug;
		};
		718BFCBB279D7EEF00FFB844 /* Release */ = {
			isa = XCBuildConfiguration;
			baseConfigurationReference = 26CC8699CF36DECEC904F978 /* Pods-NewsApp-MVVM.release.xcconfig */;
			buildSettings = {
				ASSETCATALOG_COMPILER_APPICON_NAME = AppIcon;
				ASSETCATALOG_COMPILER_GLOBAL_ACCENT_COLOR_NAME = AccentColor;
				CODE_SIGN_STYLE = Automatic;
				CURRENT_PROJECT_VERSION = 1;
				DEVELOPMENT_TEAM = G7RS44LAM6;
				GENERATE_INFOPLIST_FILE = YES;
				INFOPLIST_FILE = "NewsApp-MVVM/Info.plist";
				INFOPLIST_KEY_UIApplicationSupportsIndirectInputEvents = YES;
				INFOPLIST_KEY_UILaunchStoryboardName = LaunchScreen;
				INFOPLIST_KEY_UIMainStoryboardFile = Main;
				INFOPLIST_KEY_UISupportedInterfaceOrientations = "";
				INFOPLIST_KEY_UISupportedInterfaceOrientations_iPad = "UIInterfaceOrientationPortrait UIInterfaceOrientationPortraitUpsideDown UIInterfaceOrientationLandscapeLeft UIInterfaceOrientationLandscapeRight";
				INFOPLIST_KEY_UISupportedInterfaceOrientations_iPhone = "UIInterfaceOrientationPortrait UIInterfaceOrientationLandscapeLeft UIInterfaceOrientationLandscapeRight";
				IPHONEOS_DEPLOYMENT_TARGET = 15.0;
				LD_RUNPATH_SEARCH_PATHS = (
					"$(inherited)",
					"@executable_path/Frameworks",
				);
				MARKETING_VERSION = 1.0;
				PRODUCT_BUNDLE_IDENTIFIER = "com.firat.NewsApp-MVVM";
				PRODUCT_NAME = "$(TARGET_NAME)";
				SWIFT_EMIT_LOC_STRINGS = YES;
				SWIFT_VERSION = 5.0;
				TARGETED_DEVICE_FAMILY = "1,2";
			};
			name = Release;
		};
/* End XCBuildConfiguration section */

/* Begin XCConfigurationList section */
		718BFCA0279D7EEE00FFB844 /* Build configuration list for PBXProject "NewsApp-MVVM" */ = {
			isa = XCConfigurationList;
			buildConfigurations = (
				718BFCB7279D7EEF00FFB844 /* Debug */,
				718BFCB8279D7EEF00FFB844 /* Release */,
			);
			defaultConfigurationIsVisible = 0;
			defaultConfigurationName = Release;
		};
		718BFCB9279D7EEF00FFB844 /* Build configuration list for PBXNativeTarget "NewsApp-MVVM" */ = {
			isa = XCConfigurationList;
			buildConfigurations = (
				718BFCBA279D7EEF00FFB844 /* Debug */,
				718BFCBB279D7EEF00FFB844 /* Release */,
			);
			defaultConfigurationIsVisible = 0;
			defaultConfigurationName = Release;
		};
/* End XCConfigurationList section */
	};
	rootObject = 718BFC9D279D7EEE00FFB844 /* Project object */;
}
